<?xml version="1.0" encoding="utf-8"?>
<Project ToolsVersion="17.0" xmlns="http://schemas.microsoft.com/developer/msbuild/2003">
  <ItemGroup>
    <ClCompile Include="E:\studyoauth2\springcloud-oauth2\studyComputer graphics\src\main.cpp">
      <Filter>Source Files</Filter>
    </ClCompile>
  </ItemGroup>
  <ItemGroup>
    <CustomBuild Include="E:\studyoauth2\springcloud-oauth2\studyComputer graphics\CMakeLists.txt" />
  </ItemGroup>
  <ItemGroup>
    <Filter Include="Source Files">
      <UniqueIdentifier>{07A158C6-4098-3990-9429-82713CD51279}</UniqueIdentifier>
    </Filter>
  </ItemGroup>
</Project>
